
Microsoft Visual Studio Solution File, Format Version 12.00
Project("{FAE04EC0-301F-11D3-BF4B-00C04F79EFBC}") = "Wd3w.AspNetCore.Permission", "Wd3w.AspNetCore.Permission\Wd3w.AspNetCore.Permission.csproj", "{CCCAEF38-B024-409D-AA69-67B4AB3E8E9A}"
EndProject
Project("{2150E333-8FDC-42A3-9474-1A3956D46DE8}") = "Items", "Items", "{90D9A620-C151-4116-B2DC-17173C378C3D}"
ProjectSection(SolutionItems) = preProject
	.gitignore = .gitignore
	README.md = README.md
EndProjectSection
EndProject
Project("{FAE04EC0-301F-11D3-BF4B-00C04F79EFBC}") = "Wd3w.AspNetCore.Permission.Sample", "Wd3w.AspNetCore.Permission.Sample\Wd3w.AspNetCore.Permission.Sample.csproj", "{15ADD9D5-B9F4-49D4-9F89-82A93D5A3990}"
EndProject
Project("{FAE04EC0-301F-11D3-BF4B-00C04F79EFBC}") = "Wd3w.AspNetCore.Permission.Test", "Wd3w.AspNetCore.Permission.Test\Wd3w.AspNetCore.Permission.Test.csproj", "{11082E13-0BD6-4364-AA33-295EECA1B8B5}"
EndProject
Global
	GlobalSection(SolutionConfigurationPlatforms) = preSolution
		Debug|Any CPU = Debug|Any CPU
		Release|Any CPU = Release|Any CPU
	EndGlobalSection
	GlobalSection(ProjectConfigurationPlatforms) = postSolution
		{CCCAEF38-B024-409D-AA69-67B4AB3E8E9A}.Debug|Any CPU.ActiveCfg = Debug|Any CPU
		{CCCAEF38-B024-409D-AA69-67B4AB3E8E9A}.Debug|Any CPU.Build.0 = Debug|Any CPU
		{15ADD9D5-B9F4-49D4-9F89-82A93D5A3990}.Debug|Any CPU.ActiveCfg = Debug|Any CPU
		{15ADD9D5-B9F4-49D4-9F89-82A93D5A3990}.Debug|Any CPU.Build.0 = Debug|Any CPU
		{15ADD9D5-B9F4-49D4-9F89-82A93D5A3990}.Release|Any CPU.ActiveCfg = Release|Any CPU
		{15ADD9D5-B9F4-49D4-9F89-82A93D5A3990}.Release|Any CPU.Build.0 = Release|Any CPU
		{11082E13-0BD6-4364-AA33-295EECA1B8B5}.Debug|Any CPU.ActiveCfg = Debug|Any CPU
		{11082E13-0BD6-4364-AA33-295EECA1B8B5}.Debug|Any CPU.Build.0 = Debug|Any CPU
		{11082E13-0BD6-4364-AA33-295EECA1B8B5}.Release|Any CPU.ActiveCfg = Release|Any CPU
		{11082E13-0BD6-4364-AA33-295EECA1B8B5}.Release|Any CPU.Build.0 = Release|Any CPU
	EndGlobalSection
EndGlobal
