
Microsoft Visual Studio Solution File, Format Version 12.00
Project("{FAE04EC0-301F-11D3-BF4B-00C04F79EFBC}") = "Wd3w.AspNetCore.Permission", "Wd3w.AspNetCore.Permission\Wd3w.AspNetCore.Permission.csproj", "{CCCAEF38-B024-409D-AA69-67B4AB3E8E9A}"
EndProject
Project("{2150E333-8FDC-42A3-9474-1A3956D46DE8}") = "Items", "Items", "{90D9A620-C151-4116-B2DC-17173C378C3D}"
ProjectSection(SolutionItems) = preProject
	.gitignore = .gitignore
	README.md = README.md
EndProjectSection
EndProject
Global
	GlobalSection(SolutionConfigurationPlatforms) = preSolution
		Debug|Any CPU = Debug|Any CPU
		Release|Any CPU = Release|Any CPU
	EndGlobalSection
	GlobalSection(ProjectConfigurationPlatforms) = postSolution
		{CCCAEF38-B024-409D-AA69-67B4AB3E8E9A}.Debug|Any CPU.ActiveCfg = Debug|Any CPU
		{CCCAEF38-B024-409D-AA69-67B4AB3E8E9A}.Debug|Any CPU.Build.0 = Debug|Any CPU
	EndGlobalSection
EndGlobal
